
Microsoft Visual Studio Solution File, Format Version 12.00
Project("{FAE04EC0-301F-11D3-BF4B-00C04F79EFBC}") = "AutoReconnectPOC", "AutoReconnectPOC\AutoReconnectPOC.csproj", "{9467535D-2909-442F-BC07-5847F3B30166}"
EndProject
Global
	GlobalSection(SolutionConfigurationPlatforms) = preSolution
		Debug|Any CPU = Debug|Any CPU
		Release|Any CPU = Release|Any CPU
	EndGlobalSection
	GlobalSection(ProjectConfigurationPlatforms) = postSolution
		{9467535D-2909-442F-BC07-5847F3B30166}.Debug|Any CPU.ActiveCfg = Debug|Any CPU
		{9467535D-2909-442F-BC07-5847F3B30166}.Debug|Any CPU.Build.0 = Debug|Any CPU
		{9467535D-2909-442F-BC07-5847F3B30166}.Release|Any CPU.ActiveCfg = Release|Any CPU
		{9467535D-2909-442F-BC07-5847F3B30166}.Release|Any CPU.Build.0 = Release|Any CPU
	EndGlobalSection
EndGlobal
